
Microsoft Visual Studio Solution File, Format Version 12.00
# Visual Studio Version 17
VisualStudioVersion = 17.10.35122.118
MinimumVisualStudioVersion = 10.0.40219.1
Project("{9A19103F-16F7-4668-BE54-9A1E7A4F7556}") = "TeamsCallApp", "TeamsCallApp\TeamsCallApp.csproj", "{8B5BB2E6-E0BE-4CC0-BC57-68498BCB339D}"
EndProject
Project("{54435603-DBB4-11D2-8724-00A0C9A8B90C}") = "TeamsCallAppInstaller", "TeamsCallAppInstaller\TeamsCallAppInstaller.vdproj", "{74227CB6-D128-40AE-BF41-3DE8400F52D8}"
EndProject
Global
	GlobalSection(SolutionConfigurationPlatforms) = preSolution
		Debug|Any CPU = Debug|Any CPU
		Release|Any CPU = Release|Any CPU
		Description = Allows to make a call per protocoll without needing to go into a specif app! Also adds a own Context Menu Option!
	EndGlobalSection
	GlobalSection(ProjectConfigurationPlatforms) = postSolution
		{8B5BB2E6-E0BE-4CC0-BC57-68498BCB339D}.Debug|Any CPU.ActiveCfg = Debug|Any CPU
		{8B5BB2E6-E0BE-4CC0-BC57-68498BCB339D}.Debug|Any CPU.Build.0 = Debug|Any CPU
		{8B5BB2E6-E0BE-4CC0-BC57-68498BCB339D}.Release|Any CPU.ActiveCfg = Release|Any CPU
		{8B5BB2E6-E0BE-4CC0-BC57-68498BCB339D}.Release|Any CPU.Build.0 = Release|Any CPU
		{74227CB6-D128-40AE-BF41-3DE8400F52D8}.Debug|Any CPU.ActiveCfg = Debug
		{74227CB6-D128-40AE-BF41-3DE8400F52D8}.Release|Any CPU.ActiveCfg = Release
	EndGlobalSection
	GlobalSection(SolutionProperties) = preSolution
		HideSolutionNode = FALSE
	EndGlobalSection
	GlobalSection(ExtensibilityGlobals) = postSolution
		SolutionGuid = {5DEDBFE4-051A-4348-B0F1-519B16E7F4C3}
	EndGlobalSection
EndGlobal
